
Microsoft Visual Studio Solution File, Format Version 12.00
# Visual Studio Version 16
VisualStudioVersion = 16.0.31005.135
MinimumVisualStudioVersion = 10.0.40219.1
Project("{FAE04EC0-301F-11D3-BF4B-00C04F79EFBC}") = "CH06.ElementToElementBindings", "CH06.ElementToElementBindings\CH06.ElementToElementBindings.csproj", "{1ECACEC9-4822-4702-A84E-8597B4F4F500}"
EndProject
Project("{FAE04EC0-301F-11D3-BF4B-00C04F79EFBC}") = "CH06.SingleObjectBinding", "CH06.SingleObjectBinding\CH06.SingleObjectBinding.csproj", "{9A7E9670-99BE-4082-8A4F-739A91987E8C}"
EndProject
Project("{FAE04EC0-301F-11D3-BF4B-00C04F79EFBC}") = "CH06.SingleObjectBindingWithRefactoring", "CH06.SingleObjectBindingWithRefactoring\CH06.SingleObjectBindingWithRefactoring.csproj", "{88D364B9-3133-4347-A358-71E109DC9243}"
EndProject
Project("{FAE04EC0-301F-11D3-BF4B-00C04F79EFBC}") = "CH06.BindingToCollection", "CH06.BindingToCollection\CH06.BindingToCollection.csproj", "{2F6C4E6E-F59E-4C91-BBA6-3CE196F7F5D8}"
EndProject
Project("{FAE04EC0-301F-11D3-BF4B-00C04F79EFBC}") = "CH06.DataTemplates", "CH06.DataTemplates\CH06.DataTemplates.csproj", "{3B37ECFB-123A-436A-B185-0679C1B83BBB}"
EndProject
Project("{FAE04EC0-301F-11D3-BF4B-00C04F79EFBC}") = "CH06.DataTemplateSelectors", "CH06.DataTemplateSelectors\CH06.DataTemplateSelectors.csproj", "{961FF88E-6073-408B-8260-9F4F473A4A00}"
EndProject
Project("{FAE04EC0-301F-11D3-BF4B-00C04F79EFBC}") = "CH06.WeatherForecast", "CH06.WeatherForecast\CH06.WeatherForecast.csproj", "{AC434F55-DCC9-4151-8E04-757788E3DB1D}"
EndProject
Project("{FAE04EC0-301F-11D3-BF4B-00C04F79EFBC}") = "CH06.MasterDetail", "CH06.MasterDetail\CH06.MasterDetail.csproj", "{548F8BAD-96FC-4B88-BB1F-2936D0E4B67B}"
EndProject
Project("{FAE04EC0-301F-11D3-BF4B-00C04F79EFBC}") = "CH06.SortingAndFiltering", "CH06.SortingAndFiltering\CH06.SortingAndFiltering.csproj", "{C4228B22-5395-43C4-B5FD-F1488F59A724}"
EndProject
Project("{FAE04EC0-301F-11D3-BF4B-00C04F79EFBC}") = "CH06.LiveShaping", "CH06.LiveShaping\CH06.LiveShaping.csproj", "{F8DF96D8-8B8F-4B9B-BC2E-BC7BCCD93DF3}"
EndProject
Project("{FAE04EC0-301F-11D3-BF4B-00C04F79EFBC}") = "CH06.GroupingData", "CH06.GroupingData\CH06.GroupingData.csproj", "{BCCCA4A8-90F5-4531-9357-2C527BCD6165}"
EndProject
Project("{FAE04EC0-301F-11D3-BF4B-00C04F79EFBC}") = "CH06.GroupingData2", "CH06.GroupingData2\CH06.GroupingData2.csproj", "{C945961B-43A7-4335-8075-0F209FC01E06}"
EndProject
Project("{FAE04EC0-301F-11D3-BF4B-00C04F79EFBC}") = "CH06.MultiBindings", "CH06.MultiBindings\CH06.MultiBindings.csproj", "{2E2CC436-2D98-4EB5-A59D-FB8666EB1E1C}"
EndProject
Project("{FAE04EC0-301F-11D3-BF4B-00C04F79EFBC}") = "CH06.TreeViewBinding", "CH06.TreeViewBinding\CH06.TreeViewBinding.csproj", "{9945A84A-58C6-4319-A0C2-2F0616124F36}"
EndProject
Project("{FAE04EC0-301F-11D3-BF4B-00C04F79EFBC}") = "CH06.DataGridDemo", "CH06.DataGridDemo\CH06.DataGridDemo.csproj", "{D903147D-3AE1-4C64-8DE8-02C33063B569}"
EndProject
Project("{FAE04EC0-301F-11D3-BF4B-00C04F79EFBC}") = "CH06.ValidatingData", "CH06.ValidatingData\CH06.ValidatingData.csproj", "{5B44EBB3-2337-415D-80BB-9F42CF2B62F3}"
EndProject
Project("{9A19103F-16F7-4668-BE54-9A1E7A4F7556}") = "CH07.RoutedCommands", "CH07.RoutedCommands\CH07.RoutedCommands.csproj", "{66F52E76-C9F7-46AE-B9AE-CC2599891792}"
EndProject
Project("{9A19103F-16F7-4668-BE54-9A1E7A4F7556}") = "CH07.SimpleNotepad", "CH07.SimpleNotepad\CH07.SimpleNotepad.csproj", "{B16A0AE5-E0DC-40A7-A080-CEB28B326119}"
EndProject
Project("{9A19103F-16F7-4668-BE54-9A1E7A4F7556}") = "CH07.RoutedCommandsMVVM", "CH07.RoutedCommandsMVVM\CH07.RoutedCommandsMVVM.csproj", "{380A697F-C5EB-4B8F-85C3-94F663CC3802}"
EndProject
Global
	GlobalSection(SolutionConfigurationPlatforms) = preSolution
		Debug|Any CPU = Debug|Any CPU
		Release|Any CPU = Release|Any CPU
	EndGlobalSection
	GlobalSection(ProjectConfigurationPlatforms) = postSolution
		{1ECACEC9-4822-4702-A84E-8597B4F4F500}.Debug|Any CPU.ActiveCfg = Debug|Any CPU
		{1ECACEC9-4822-4702-A84E-8597B4F4F500}.Debug|Any CPU.Build.0 = Debug|Any CPU
		{1ECACEC9-4822-4702-A84E-8597B4F4F500}.Release|Any CPU.ActiveCfg = Release|Any CPU
		{1ECACEC9-4822-4702-A84E-8597B4F4F500}.Release|Any CPU.Build.0 = Release|Any CPU
		{9A7E9670-99BE-4082-8A4F-739A91987E8C}.Debug|Any CPU.ActiveCfg = Debug|Any CPU
		{9A7E9670-99BE-4082-8A4F-739A91987E8C}.Debug|Any CPU.Build.0 = Debug|Any CPU
		{9A7E9670-99BE-4082-8A4F-739A91987E8C}.Release|Any CPU.ActiveCfg = Release|Any CPU
		{9A7E9670-99BE-4082-8A4F-739A91987E8C}.Release|Any CPU.Build.0 = Release|Any CPU
		{88D364B9-3133-4347-A358-71E109DC9243}.Debug|Any CPU.ActiveCfg = Debug|Any CPU
		{88D364B9-3133-4347-A358-71E109DC9243}.Debug|Any CPU.Build.0 = Debug|Any CPU
		{88D364B9-3133-4347-A358-71E109DC9243}.Release|Any CPU.ActiveCfg = Release|Any CPU
		{88D364B9-3133-4347-A358-71E109DC9243}.Release|Any CPU.Build.0 = Release|Any CPU
		{2F6C4E6E-F59E-4C91-BBA6-3CE196F7F5D8}.Debug|Any CPU.ActiveCfg = Debug|Any CPU
		{2F6C4E6E-F59E-4C91-BBA6-3CE196F7F5D8}.Debug|Any CPU.Build.0 = Debug|Any CPU
		{2F6C4E6E-F59E-4C91-BBA6-3CE196F7F5D8}.Release|Any CPU.ActiveCfg = Release|Any CPU
		{2F6C4E6E-F59E-4C91-BBA6-3CE196F7F5D8}.Release|Any CPU.Build.0 = Release|Any CPU
		{3B37ECFB-123A-436A-B185-0679C1B83BBB}.Debug|Any CPU.ActiveCfg = Debug|Any CPU
		{3B37ECFB-123A-436A-B185-0679C1B83BBB}.Debug|Any CPU.Build.0 = Debug|Any CPU
		{3B37ECFB-123A-436A-B185-0679C1B83BBB}.Release|Any CPU.ActiveCfg = Release|Any CPU
		{3B37ECFB-123A-436A-B185-0679C1B83BBB}.Release|Any CPU.Build.0 = Release|Any CPU
		{961FF88E-6073-408B-8260-9F4F473A4A00}.Debug|Any CPU.ActiveCfg = Debug|Any CPU
		{961FF88E-6073-408B-8260-9F4F473A4A00}.Debug|Any CPU.Build.0 = Debug|Any CPU
		{961FF88E-6073-408B-8260-9F4F473A4A00}.Release|Any CPU.ActiveCfg = Release|Any CPU
		{961FF88E-6073-408B-8260-9F4F473A4A00}.Release|Any CPU.Build.0 = Release|Any CPU
		{AC434F55-DCC9-4151-8E04-757788E3DB1D}.Debug|Any CPU.ActiveCfg = Debug|Any CPU
		{AC434F55-DCC9-4151-8E04-757788E3DB1D}.Debug|Any CPU.Build.0 = Debug|Any CPU
		{AC434F55-DCC9-4151-8E04-757788E3DB1D}.Release|Any CPU.ActiveCfg = Release|Any CPU
		{AC434F55-DCC9-4151-8E04-757788E3DB1D}.Release|Any CPU.Build.0 = Release|Any CPU
		{548F8BAD-96FC-4B88-BB1F-2936D0E4B67B}.Debug|Any CPU.ActiveCfg = Debug|Any CPU
		{548F8BAD-96FC-4B88-BB1F-2936D0E4B67B}.Debug|Any CPU.Build.0 = Debug|Any CPU
		{548F8BAD-96FC-4B88-BB1F-2936D0E4B67B}.Release|Any CPU.ActiveCfg = Release|Any CPU
		{548F8BAD-96FC-4B88-BB1F-2936D0E4B67B}.Release|Any CPU.Build.0 = Release|Any CPU
		{C4228B22-5395-43C4-B5FD-F1488F59A724}.Debug|Any CPU.ActiveCfg = Debug|Any CPU
		{C4228B22-5395-43C4-B5FD-F1488F59A724}.Debug|Any CPU.Build.0 = Debug|Any CPU
		{C4228B22-5395-43C4-B5FD-F1488F59A724}.Release|Any CPU.ActiveCfg = Release|Any CPU
		{C4228B22-5395-43C4-B5FD-F1488F59A724}.Release|Any CPU.Build.0 = Release|Any CPU
		{F8DF96D8-8B8F-4B9B-BC2E-BC7BCCD93DF3}.Debug|Any CPU.ActiveCfg = Debug|Any CPU
		{F8DF96D8-8B8F-4B9B-BC2E-BC7BCCD93DF3}.Debug|Any CPU.Build.0 = Debug|Any CPU
		{F8DF96D8-8B8F-4B9B-BC2E-BC7BCCD93DF3}.Release|Any CPU.ActiveCfg = Release|Any CPU
		{F8DF96D8-8B8F-4B9B-BC2E-BC7BCCD93DF3}.Release|Any CPU.Build.0 = Release|Any CPU
		{BCCCA4A8-90F5-4531-9357-2C527BCD6165}.Debug|Any CPU.ActiveCfg = Debug|Any CPU
		{BCCCA4A8-90F5-4531-9357-2C527BCD6165}.Debug|Any CPU.Build.0 = Debug|Any CPU
		{BCCCA4A8-90F5-4531-9357-2C527BCD6165}.Release|Any CPU.ActiveCfg = Release|Any CPU
		{BCCCA4A8-90F5-4531-9357-2C527BCD6165}.Release|Any CPU.Build.0 = Release|Any CPU
		{C945961B-43A7-4335-8075-0F209FC01E06}.Debug|Any CPU.ActiveCfg = Debug|Any CPU
		{C945961B-43A7-4335-8075-0F209FC01E06}.Debug|Any CPU.Build.0 = Debug|Any CPU
		{C945961B-43A7-4335-8075-0F209FC01E06}.Release|Any CPU.ActiveCfg = Release|Any CPU
		{C945961B-43A7-4335-8075-0F209FC01E06}.Release|Any CPU.Build.0 = Release|Any CPU
		{2E2CC436-2D98-4EB5-A59D-FB8666EB1E1C}.Debug|Any CPU.ActiveCfg = Debug|Any CPU
		{2E2CC436-2D98-4EB5-A59D-FB8666EB1E1C}.Debug|Any CPU.Build.0 = Debug|Any CPU
		{2E2CC436-2D98-4EB5-A59D-FB8666EB1E1C}.Release|Any CPU.ActiveCfg = Release|Any CPU
		{2E2CC436-2D98-4EB5-A59D-FB8666EB1E1C}.Release|Any CPU.Build.0 = Release|Any CPU
		{9945A84A-58C6-4319-A0C2-2F0616124F36}.Debug|Any CPU.ActiveCfg = Debug|Any CPU
		{9945A84A-58C6-4319-A0C2-2F0616124F36}.Debug|Any CPU.Build.0 = Debug|Any CPU
		{9945A84A-58C6-4319-A0C2-2F0616124F36}.Release|Any CPU.ActiveCfg = Release|Any CPU
		{9945A84A-58C6-4319-A0C2-2F0616124F36}.Release|Any CPU.Build.0 = Release|Any CPU
		{D903147D-3AE1-4C64-8DE8-02C33063B569}.Debug|Any CPU.ActiveCfg = Debug|Any CPU
		{D903147D-3AE1-4C64-8DE8-02C33063B569}.Debug|Any CPU.Build.0 = Debug|Any CPU
		{D903147D-3AE1-4C64-8DE8-02C33063B569}.Release|Any CPU.ActiveCfg = Release|Any CPU
		{D903147D-3AE1-4C64-8DE8-02C33063B569}.Release|Any CPU.Build.0 = Release|Any CPU
		{5B44EBB3-2337-415D-80BB-9F42CF2B62F3}.Debug|Any CPU.ActiveCfg = Debug|Any CPU
		{5B44EBB3-2337-415D-80BB-9F42CF2B62F3}.Debug|Any CPU.Build.0 = Debug|Any CPU
		{5B44EBB3-2337-415D-80BB-9F42CF2B62F3}.Release|Any CPU.ActiveCfg = Release|Any CPU
		{5B44EBB3-2337-415D-80BB-9F42CF2B62F3}.Release|Any CPU.Build.0 = Release|Any CPU
		{66F52E76-C9F7-46AE-B9AE-CC2599891792}.Debug|Any CPU.ActiveCfg = Debug|Any CPU
		{66F52E76-C9F7-46AE-B9AE-CC2599891792}.Debug|Any CPU.Build.0 = Debug|Any CPU
		{66F52E76-C9F7-46AE-B9AE-CC2599891792}.Release|Any CPU.ActiveCfg = Release|Any CPU
		{66F52E76-C9F7-46AE-B9AE-CC2599891792}.Release|Any CPU.Build.0 = Release|Any CPU
		{B16A0AE5-E0DC-40A7-A080-CEB28B326119}.Debug|Any CPU.ActiveCfg = Debug|Any CPU
		{B16A0AE5-E0DC-40A7-A080-CEB28B326119}.Debug|Any CPU.Build.0 = Debug|Any CPU
		{B16A0AE5-E0DC-40A7-A080-CEB28B326119}.Release|Any CPU.ActiveCfg = Release|Any CPU
		{B16A0AE5-E0DC-40A7-A080-CEB28B326119}.Release|Any CPU.Build.0 = Release|Any CPU
		{380A697F-C5EB-4B8F-85C3-94F663CC3802}.Debug|Any CPU.ActiveCfg = Debug|Any CPU
		{380A697F-C5EB-4B8F-85C3-94F663CC3802}.Debug|Any CPU.Build.0 = Debug|Any CPU
		{380A697F-C5EB-4B8F-85C3-94F663CC3802}.Release|Any CPU.ActiveCfg = Release|Any CPU
		{380A697F-C5EB-4B8F-85C3-94F663CC3802}.Release|Any CPU.Build.0 = Release|Any CPU
	EndGlobalSection
	GlobalSection(SolutionProperties) = preSolution
		HideSolutionNode = FALSE
	EndGlobalSection
	GlobalSection(ExtensibilityGlobals) = postSolution
		SolutionGuid = {7D90BAD6-61FE-43F1-99A0-7323CAB0F3A0}
	EndGlobalSection
EndGlobal
