
Microsoft Visual Studio Solution File, Format Version 12.00
# Visual Studio Version 16
VisualStudioVersion = 16.0.30907.101
MinimumVisualStudioVersion = 10.0.40219.1
Project("{FAE04EC0-301F-11D3-BF4B-00C04F79EFBC}") = "Tutos", "Tutos\Tutos.csproj", "{38D916AA-916C-470C-BB54-F328BB1BEAB1}"
EndProject
Project("{FAE04EC0-301F-11D3-BF4B-00C04F79EFBC}") = "CH01.CustomTypes", "CH01.CustomTypes\CH01.CustomTypes.csproj", "{C1FE0FAD-E7C3-4AAF-85D1-9925FB66C6DD}"
EndProject
Project("{FAE04EC0-301F-11D3-BF4B-00C04F79EFBC}") = "CH01.DependencyProperties", "CH01.DependencyProperties\CH01.DependencyProperties.csproj", "{6963BA8E-5CF2-4F36-8352-81886A7FEA11}"
EndProject
Project("{FAE04EC0-301F-11D3-BF4B-00C04F79EFBC}") = "CH01.InheritDemo", "CH01.InheritDemo\CH01.InheritDemo.csproj", "{8FD65835-32A7-44FF-94CB-D868FA7C1698}"
EndProject
Project("{FAE04EC0-301F-11D3-BF4B-00C04F79EFBC}") = "CH01.SimpleAttached", "CH01.SimpleAttached\CH01.SimpleAttached.csproj", "{189DA85D-924A-4023-B4E5-A6DBA9CE4864}"
EndProject
Project("{FAE04EC0-301F-11D3-BF4B-00C04F79EFBC}") = "CH01.CustomAttached", "CH01.CustomAttached\CH01.CustomAttached.csproj", "{946F4AC5-507A-4FD4-B04B-CCD11E552736}"
EndProject
Project("{FAE04EC0-301F-11D3-BF4B-00C04F79EFBC}") = "CH01.StaticProperties", "CH01.StaticProperties\CH01.StaticProperties.csproj", "{CF7ACD4A-297F-4CAA-B439-94D794F5E1FF}"
EndProject
Project("{FAE04EC0-301F-11D3-BF4B-00C04F79EFBC}") = "CH01.CustomMarkupExtension", "CH01.CustomMarkupExtension\CH01.CustomMarkupExtension.csproj", "{860528D1-E4DC-482B-A7DF-800E4632C1DE}"
EndProject
Project("{FAE04EC0-301F-11D3-BF4B-00C04F79EFBC}") = "CH01.TestRandom", "CH01.TestRandom\CH01.TestRandom.csproj", "{76A4CAE7-0C1D-4B2A-B013-69335D1B17F0}"
EndProject
Project("{FAE04EC0-301F-11D3-BF4B-00C04F79EFBC}") = "CH01.SimpleDraw", "CH01.SimpleDraw\CH01.SimpleDraw.csproj", "{85ED0DF3-76A6-48D8-B23F-60D7EEE26DBF}"
EndProject
Project("{FAE04EC0-301F-11D3-BF4B-00C04F79EFBC}") = "CH01.Calculator", "CH01.Calculator\CH01.Calculator.csproj", "{2BBA59A2-6B51-4A64-A540-5725A46D580C}"
EndProject
Project("{FAE04EC0-301F-11D3-BF4B-00C04F79EFBC}") = "CH02.SimpleResources", "CH02.SimpleResources\CH02.SimpleResources.csproj", "{5777F194-A560-4008-966E-482668DFC579}"
EndProject
Project("{FAE04EC0-301F-11D3-BF4B-00C04F79EFBC}") = "CH02.DynamicVsStatic", "CH02.DynamicVsStatic\CH02.DynamicVsStatic.csproj", "{ED4E50EC-23B1-4B41-9701-332173946598}"
EndProject
Project("{FAE04EC0-301F-11D3-BF4B-00C04F79EFBC}") = "CH02.BinaryResources", "CH02.BinaryResources\CH02.BinaryResources.csproj", "{80F182E5-C502-46E4-80A4-61ECE0A8A370}"
EndProject
Project("{FAE04EC0-301F-11D3-BF4B-00C04F79EFBC}") = "CH02.ManagingResources", "CH02.ManagingResources\CH02.ManagingResources.csproj", "{C1F8DB6B-5011-42D9-9C39-9FEDD87E55F1}"
EndProject
Project("{FAE04EC0-301F-11D3-BF4B-00C04F79EFBC}") = "CH03.GridDemo", "CH03.GridDemo\CH03.GridDemo.csproj", "{8F841B5C-6485-4C14-909F-0C279645EACA}"
EndProject
Project("{FAE04EC0-301F-11D3-BF4B-00C04F79EFBC}") = "CH03.DynamicGridSizing", "CH03.DynamicGridSizing\CH03.DynamicGridSizing.csproj", "{25FD901B-CA98-4A04-9DA0-574ACFE5194C}"
EndProject
Project("{FAE04EC0-301F-11D3-BF4B-00C04F79EFBC}") = "CH03.ScrollDemo", "CH03.ScrollDemo\CH03.ScrollDemo.csproj", "{D4220463-C274-4019-9D37-3715849BDFF1}"
EndProject
Project("{FAE04EC0-301F-11D3-BF4B-00C04F79EFBC}") = "CH03.BorderDemo", "CH03.BorderDemo\CH03.BorderDemo.csproj", "{1FB9C94C-E261-4A7B-82E0-A1603328BE4F}"
EndProject
Project("{FAE04EC0-301F-11D3-BF4B-00C04F79EFBC}") = "CH03.CanvasDemo", "CH03.CanvasDemo\CH03.CanvasDemo.csproj", "{9A2B2320-1993-4E63-BA09-41E720A0B890}"
EndProject
Project("{FAE04EC0-301F-11D3-BF4B-00C04F79EFBC}") = "CH03.PaintingCircles", "CH03.PaintingCircles\CH03.PaintingCircles.csproj", "{75DB29F3-0540-4C61-B501-8805B5538EA6}"
EndProject
Project("{FAE04EC0-301F-11D3-BF4B-00C04F79EFBC}") = "CH03.SimpleTabs", "CH03.SimpleTabs\CH03.SimpleTabs.csproj", "{68D272A0-416B-4817-89A5-0B5C9299DE7A}"
EndProject
Project("{FAE04EC0-301F-11D3-BF4B-00C04F79EFBC}") = "CH03.SimpleDragDrop", "CH03.SimpleDragDrop\CH03.SimpleDragDrop.csproj", "{70100201-51FB-432A-9B25-4E0525967491}"
EndProject
Project("{FAE04EC0-301F-11D3-BF4B-00C04F79EFBC}") = "CH04.TextControls", "CH04.TextControls\CH04.TextControls.csproj", "{88BEE5B9-C164-4F71-8E9B-EBEEB9A3EA03}"
EndProject
Project("{FAE04EC0-301F-11D3-BF4B-00C04F79EFBC}") = "CH04.ContentControls", "CH04.ContentControls\CH04.ContentControls.csproj", "{89F493CE-FD05-4AF5-B339-C4E8C81F634D}"
EndProject
Project("{FAE04EC0-301F-11D3-BF4B-00C04F79EFBC}") = "CH04.Images", "CH04.Images\CH04.Images.csproj", "{E222E0E5-1246-4A75-A803-269158948755}"
EndProject
Project("{FAE04EC0-301F-11D3-BF4B-00C04F79EFBC}") = "CH04.ToolTips", "CH04.ToolTips\CH04.ToolTips.csproj", "{62334F61-E96A-4218-8351-231A10C2A5E2}"
EndProject
Project("{FAE04EC0-301F-11D3-BF4B-00C04F79EFBC}") = "CH04.Lists", "CH04.Lists\CH04.Lists.csproj", "{1D80936B-01C5-45FF-80BE-0C002D74B75B}"
EndProject
Project("{FAE04EC0-301F-11D3-BF4B-00C04F79EFBC}") = "CH04.Menus", "CH04.Menus\CH04.Menus.csproj", "{EC4D273D-9F4D-4134-9389-C7CB0D265270}"
EndProject
Project("{FAE04EC0-301F-11D3-BF4B-00C04F79EFBC}") = "CH04.SelectingOptions", "CH04.SelectingOptions\CH04.SelectingOptions.csproj", "{A71541B6-959B-4E11-A7E2-D0161E750CF2}"
EndProject
Project("{FAE04EC0-301F-11D3-BF4B-00C04F79EFBC}") = "CH04.TabAndFocus", "CH04.TabAndFocus\CH04.TabAndFocus.csproj", "{53947807-AFB7-4A4A-9E80-F09585B5642E}"
EndProject
Project("{FAE04EC0-301F-11D3-BF4B-00C04F79EFBC}") = "CH05.NewWindows", "CH05.NewWindows\CH05.NewWindows.csproj", "{C919184B-0A2B-40BC-AB7C-4E8C1FC9C64B}"
EndProject
Project("{FAE04EC0-301F-11D3-BF4B-00C04F79EFBC}") = "CH05.CommandLineArgs", "CH05.CommandLineArgs\CH05.CommandLineArgs.csproj", "{6ED6C81C-E43C-4FFF-AB87-BB3EFD02A554}"
EndProject
Project("{FAE04EC0-301F-11D3-BF4B-00C04F79EFBC}") = "CH05.Dialogs", "CH05.Dialogs\CH05.Dialogs.csproj", "{BEE24E00-C6DA-40CE-B508-9CA599ABCE6A}"
EndProject
Project("{FAE04EC0-301F-11D3-BF4B-00C04F79EFBC}") = "CH05.CommonDialogs", "CH05.CommonDialogs\CH05.CommonDialogs.csproj", "{44A19E58-13F9-4D31-A240-31FBD0EA4068}"
EndProject
Project("{FAE04EC0-301F-11D3-BF4B-00C04F79EFBC}") = "CH05.OwnerWindows", "CH05.OwnerWindows\CH05.OwnerWindows.csproj", "{3CD31603-9D48-439C-B578-4849814D8CA7}"
EndProject
Project("{FAE04EC0-301F-11D3-BF4B-00C04F79EFBC}") = "CH05.CustomShapeWindow", "CH05.CustomShapeWindow\CH05.CustomShapeWindow.csproj", "{0A8BE584-26AA-413F-BE25-2C29197C695B}"
EndProject
Project("{FAE04EC0-301F-11D3-BF4B-00C04F79EFBC}") = "CH05.ImageShapeWindow", "CH05.ImageShapeWindow\CH05.ImageShapeWindow.csproj", "{3EE4906A-4E3D-4DA6-A4D7-C598DBACF34B}"
EndProject
Project("{FAE04EC0-301F-11D3-BF4B-00C04F79EFBC}") = "CH05.SingleInstApp", "CH05.SingleInstApp\CH05.SingleInstApp.csproj", "{48A08C5C-F8B8-4420-85D8-B02416337AAF}"
EndProject
Project("{FAE04EC0-301F-11D3-BF4B-00C04F79EFBC}") = "CH05.SingleInstAppWCF", "CH05.SingleInstAppWCF\CH05.SingleInstAppWCF.csproj", "{C5979DEB-19AF-4750-95B2-89642E313206}"
EndProject
Project("{FAE04EC0-301F-11D3-BF4B-00C04F79EFBC}") = "CH05.UnhandledExceptions", "CH05.UnhandledExceptions\CH05.UnhandledExceptions.csproj", "{8208B0F7-6295-43D1-BC98-2BFEADBCDAD0}"
EndProject
Global
	GlobalSection(SolutionConfigurationPlatforms) = preSolution
		Debug|Any CPU = Debug|Any CPU
		Release|Any CPU = Release|Any CPU
	EndGlobalSection
	GlobalSection(ProjectConfigurationPlatforms) = postSolution
		{38D916AA-916C-470C-BB54-F328BB1BEAB1}.Debug|Any CPU.ActiveCfg = Debug|Any CPU
		{38D916AA-916C-470C-BB54-F328BB1BEAB1}.Debug|Any CPU.Build.0 = Debug|Any CPU
		{38D916AA-916C-470C-BB54-F328BB1BEAB1}.Release|Any CPU.ActiveCfg = Release|Any CPU
		{38D916AA-916C-470C-BB54-F328BB1BEAB1}.Release|Any CPU.Build.0 = Release|Any CPU
		{C1FE0FAD-E7C3-4AAF-85D1-9925FB66C6DD}.Debug|Any CPU.ActiveCfg = Debug|Any CPU
		{C1FE0FAD-E7C3-4AAF-85D1-9925FB66C6DD}.Debug|Any CPU.Build.0 = Debug|Any CPU
		{C1FE0FAD-E7C3-4AAF-85D1-9925FB66C6DD}.Release|Any CPU.ActiveCfg = Release|Any CPU
		{C1FE0FAD-E7C3-4AAF-85D1-9925FB66C6DD}.Release|Any CPU.Build.0 = Release|Any CPU
		{6963BA8E-5CF2-4F36-8352-81886A7FEA11}.Debug|Any CPU.ActiveCfg = Debug|Any CPU
		{6963BA8E-5CF2-4F36-8352-81886A7FEA11}.Debug|Any CPU.Build.0 = Debug|Any CPU
		{6963BA8E-5CF2-4F36-8352-81886A7FEA11}.Release|Any CPU.ActiveCfg = Release|Any CPU
		{6963BA8E-5CF2-4F36-8352-81886A7FEA11}.Release|Any CPU.Build.0 = Release|Any CPU
		{8FD65835-32A7-44FF-94CB-D868FA7C1698}.Debug|Any CPU.ActiveCfg = Debug|Any CPU
		{8FD65835-32A7-44FF-94CB-D868FA7C1698}.Debug|Any CPU.Build.0 = Debug|Any CPU
		{8FD65835-32A7-44FF-94CB-D868FA7C1698}.Release|Any CPU.ActiveCfg = Release|Any CPU
		{8FD65835-32A7-44FF-94CB-D868FA7C1698}.Release|Any CPU.Build.0 = Release|Any CPU
		{189DA85D-924A-4023-B4E5-A6DBA9CE4864}.Debug|Any CPU.ActiveCfg = Debug|Any CPU
		{189DA85D-924A-4023-B4E5-A6DBA9CE4864}.Debug|Any CPU.Build.0 = Debug|Any CPU
		{189DA85D-924A-4023-B4E5-A6DBA9CE4864}.Release|Any CPU.ActiveCfg = Release|Any CPU
		{189DA85D-924A-4023-B4E5-A6DBA9CE4864}.Release|Any CPU.Build.0 = Release|Any CPU
		{946F4AC5-507A-4FD4-B04B-CCD11E552736}.Debug|Any CPU.ActiveCfg = Debug|Any CPU
		{946F4AC5-507A-4FD4-B04B-CCD11E552736}.Debug|Any CPU.Build.0 = Debug|Any CPU
		{946F4AC5-507A-4FD4-B04B-CCD11E552736}.Release|Any CPU.ActiveCfg = Release|Any CPU
		{946F4AC5-507A-4FD4-B04B-CCD11E552736}.Release|Any CPU.Build.0 = Release|Any CPU
		{CF7ACD4A-297F-4CAA-B439-94D794F5E1FF}.Debug|Any CPU.ActiveCfg = Debug|Any CPU
		{CF7ACD4A-297F-4CAA-B439-94D794F5E1FF}.Debug|Any CPU.Build.0 = Debug|Any CPU
		{CF7ACD4A-297F-4CAA-B439-94D794F5E1FF}.Release|Any CPU.ActiveCfg = Release|Any CPU
		{CF7ACD4A-297F-4CAA-B439-94D794F5E1FF}.Release|Any CPU.Build.0 = Release|Any CPU
		{860528D1-E4DC-482B-A7DF-800E4632C1DE}.Debug|Any CPU.ActiveCfg = Debug|Any CPU
		{860528D1-E4DC-482B-A7DF-800E4632C1DE}.Debug|Any CPU.Build.0 = Debug|Any CPU
		{860528D1-E4DC-482B-A7DF-800E4632C1DE}.Release|Any CPU.ActiveCfg = Release|Any CPU
		{860528D1-E4DC-482B-A7DF-800E4632C1DE}.Release|Any CPU.Build.0 = Release|Any CPU
		{76A4CAE7-0C1D-4B2A-B013-69335D1B17F0}.Debug|Any CPU.ActiveCfg = Debug|Any CPU
		{76A4CAE7-0C1D-4B2A-B013-69335D1B17F0}.Debug|Any CPU.Build.0 = Debug|Any CPU
		{76A4CAE7-0C1D-4B2A-B013-69335D1B17F0}.Release|Any CPU.ActiveCfg = Release|Any CPU
		{76A4CAE7-0C1D-4B2A-B013-69335D1B17F0}.Release|Any CPU.Build.0 = Release|Any CPU
		{85ED0DF3-76A6-48D8-B23F-60D7EEE26DBF}.Debug|Any CPU.ActiveCfg = Debug|Any CPU
		{85ED0DF3-76A6-48D8-B23F-60D7EEE26DBF}.Debug|Any CPU.Build.0 = Debug|Any CPU
		{85ED0DF3-76A6-48D8-B23F-60D7EEE26DBF}.Release|Any CPU.ActiveCfg = Release|Any CPU
		{85ED0DF3-76A6-48D8-B23F-60D7EEE26DBF}.Release|Any CPU.Build.0 = Release|Any CPU
		{2BBA59A2-6B51-4A64-A540-5725A46D580C}.Debug|Any CPU.ActiveCfg = Debug|Any CPU
		{2BBA59A2-6B51-4A64-A540-5725A46D580C}.Debug|Any CPU.Build.0 = Debug|Any CPU
		{2BBA59A2-6B51-4A64-A540-5725A46D580C}.Release|Any CPU.ActiveCfg = Release|Any CPU
		{2BBA59A2-6B51-4A64-A540-5725A46D580C}.Release|Any CPU.Build.0 = Release|Any CPU
		{5777F194-A560-4008-966E-482668DFC579}.Debug|Any CPU.ActiveCfg = Debug|Any CPU
		{5777F194-A560-4008-966E-482668DFC579}.Debug|Any CPU.Build.0 = Debug|Any CPU
		{5777F194-A560-4008-966E-482668DFC579}.Release|Any CPU.ActiveCfg = Release|Any CPU
		{5777F194-A560-4008-966E-482668DFC579}.Release|Any CPU.Build.0 = Release|Any CPU
		{ED4E50EC-23B1-4B41-9701-332173946598}.Debug|Any CPU.ActiveCfg = Debug|Any CPU
		{ED4E50EC-23B1-4B41-9701-332173946598}.Debug|Any CPU.Build.0 = Debug|Any CPU
		{ED4E50EC-23B1-4B41-9701-332173946598}.Release|Any CPU.ActiveCfg = Release|Any CPU
		{ED4E50EC-23B1-4B41-9701-332173946598}.Release|Any CPU.Build.0 = Release|Any CPU
		{80F182E5-C502-46E4-80A4-61ECE0A8A370}.Debug|Any CPU.ActiveCfg = Debug|Any CPU
		{80F182E5-C502-46E4-80A4-61ECE0A8A370}.Debug|Any CPU.Build.0 = Debug|Any CPU
		{80F182E5-C502-46E4-80A4-61ECE0A8A370}.Release|Any CPU.ActiveCfg = Release|Any CPU
		{80F182E5-C502-46E4-80A4-61ECE0A8A370}.Release|Any CPU.Build.0 = Release|Any CPU
		{C1F8DB6B-5011-42D9-9C39-9FEDD87E55F1}.Debug|Any CPU.ActiveCfg = Debug|Any CPU
		{C1F8DB6B-5011-42D9-9C39-9FEDD87E55F1}.Debug|Any CPU.Build.0 = Debug|Any CPU
		{C1F8DB6B-5011-42D9-9C39-9FEDD87E55F1}.Release|Any CPU.ActiveCfg = Release|Any CPU
		{C1F8DB6B-5011-42D9-9C39-9FEDD87E55F1}.Release|Any CPU.Build.0 = Release|Any CPU
		{8F841B5C-6485-4C14-909F-0C279645EACA}.Debug|Any CPU.ActiveCfg = Debug|Any CPU
		{8F841B5C-6485-4C14-909F-0C279645EACA}.Debug|Any CPU.Build.0 = Debug|Any CPU
		{8F841B5C-6485-4C14-909F-0C279645EACA}.Release|Any CPU.ActiveCfg = Release|Any CPU
		{8F841B5C-6485-4C14-909F-0C279645EACA}.Release|Any CPU.Build.0 = Release|Any CPU
		{25FD901B-CA98-4A04-9DA0-574ACFE5194C}.Debug|Any CPU.ActiveCfg = Debug|Any CPU
		{25FD901B-CA98-4A04-9DA0-574ACFE5194C}.Debug|Any CPU.Build.0 = Debug|Any CPU
		{25FD901B-CA98-4A04-9DA0-574ACFE5194C}.Release|Any CPU.ActiveCfg = Release|Any CPU
		{25FD901B-CA98-4A04-9DA0-574ACFE5194C}.Release|Any CPU.Build.0 = Release|Any CPU
		{D4220463-C274-4019-9D37-3715849BDFF1}.Debug|Any CPU.ActiveCfg = Debug|Any CPU
		{D4220463-C274-4019-9D37-3715849BDFF1}.Debug|Any CPU.Build.0 = Debug|Any CPU
		{D4220463-C274-4019-9D37-3715849BDFF1}.Release|Any CPU.ActiveCfg = Release|Any CPU
		{D4220463-C274-4019-9D37-3715849BDFF1}.Release|Any CPU.Build.0 = Release|Any CPU
		{1FB9C94C-E261-4A7B-82E0-A1603328BE4F}.Debug|Any CPU.ActiveCfg = Debug|Any CPU
		{1FB9C94C-E261-4A7B-82E0-A1603328BE4F}.Debug|Any CPU.Build.0 = Debug|Any CPU
		{1FB9C94C-E261-4A7B-82E0-A1603328BE4F}.Release|Any CPU.ActiveCfg = Release|Any CPU
		{1FB9C94C-E261-4A7B-82E0-A1603328BE4F}.Release|Any CPU.Build.0 = Release|Any CPU
		{9A2B2320-1993-4E63-BA09-41E720A0B890}.Debug|Any CPU.ActiveCfg = Debug|Any CPU
		{9A2B2320-1993-4E63-BA09-41E720A0B890}.Debug|Any CPU.Build.0 = Debug|Any CPU
		{9A2B2320-1993-4E63-BA09-41E720A0B890}.Release|Any CPU.ActiveCfg = Release|Any CPU
		{9A2B2320-1993-4E63-BA09-41E720A0B890}.Release|Any CPU.Build.0 = Release|Any CPU
		{75DB29F3-0540-4C61-B501-8805B5538EA6}.Debug|Any CPU.ActiveCfg = Debug|Any CPU
		{75DB29F3-0540-4C61-B501-8805B5538EA6}.Debug|Any CPU.Build.0 = Debug|Any CPU
		{75DB29F3-0540-4C61-B501-8805B5538EA6}.Release|Any CPU.ActiveCfg = Release|Any CPU
		{75DB29F3-0540-4C61-B501-8805B5538EA6}.Release|Any CPU.Build.0 = Release|Any CPU
		{68D272A0-416B-4817-89A5-0B5C9299DE7A}.Debug|Any CPU.ActiveCfg = Debug|Any CPU
		{68D272A0-416B-4817-89A5-0B5C9299DE7A}.Debug|Any CPU.Build.0 = Debug|Any CPU
		{68D272A0-416B-4817-89A5-0B5C9299DE7A}.Release|Any CPU.ActiveCfg = Release|Any CPU
		{68D272A0-416B-4817-89A5-0B5C9299DE7A}.Release|Any CPU.Build.0 = Release|Any CPU
		{70100201-51FB-432A-9B25-4E0525967491}.Debug|Any CPU.ActiveCfg = Debug|Any CPU
		{70100201-51FB-432A-9B25-4E0525967491}.Debug|Any CPU.Build.0 = Debug|Any CPU
		{70100201-51FB-432A-9B25-4E0525967491}.Release|Any CPU.ActiveCfg = Release|Any CPU
		{70100201-51FB-432A-9B25-4E0525967491}.Release|Any CPU.Build.0 = Release|Any CPU
		{88BEE5B9-C164-4F71-8E9B-EBEEB9A3EA03}.Debug|Any CPU.ActiveCfg = Debug|Any CPU
		{88BEE5B9-C164-4F71-8E9B-EBEEB9A3EA03}.Debug|Any CPU.Build.0 = Debug|Any CPU
		{88BEE5B9-C164-4F71-8E9B-EBEEB9A3EA03}.Release|Any CPU.ActiveCfg = Release|Any CPU
		{88BEE5B9-C164-4F71-8E9B-EBEEB9A3EA03}.Release|Any CPU.Build.0 = Release|Any CPU
		{89F493CE-FD05-4AF5-B339-C4E8C81F634D}.Debug|Any CPU.ActiveCfg = Debug|Any CPU
		{89F493CE-FD05-4AF5-B339-C4E8C81F634D}.Debug|Any CPU.Build.0 = Debug|Any CPU
		{89F493CE-FD05-4AF5-B339-C4E8C81F634D}.Release|Any CPU.ActiveCfg = Release|Any CPU
		{89F493CE-FD05-4AF5-B339-C4E8C81F634D}.Release|Any CPU.Build.0 = Release|Any CPU
		{E222E0E5-1246-4A75-A803-269158948755}.Debug|Any CPU.ActiveCfg = Debug|Any CPU
		{E222E0E5-1246-4A75-A803-269158948755}.Debug|Any CPU.Build.0 = Debug|Any CPU
		{E222E0E5-1246-4A75-A803-269158948755}.Release|Any CPU.ActiveCfg = Release|Any CPU
		{E222E0E5-1246-4A75-A803-269158948755}.Release|Any CPU.Build.0 = Release|Any CPU
		{62334F61-E96A-4218-8351-231A10C2A5E2}.Debug|Any CPU.ActiveCfg = Debug|Any CPU
		{62334F61-E96A-4218-8351-231A10C2A5E2}.Debug|Any CPU.Build.0 = Debug|Any CPU
		{62334F61-E96A-4218-8351-231A10C2A5E2}.Release|Any CPU.ActiveCfg = Release|Any CPU
		{62334F61-E96A-4218-8351-231A10C2A5E2}.Release|Any CPU.Build.0 = Release|Any CPU
		{1D80936B-01C5-45FF-80BE-0C002D74B75B}.Debug|Any CPU.ActiveCfg = Debug|Any CPU
		{1D80936B-01C5-45FF-80BE-0C002D74B75B}.Debug|Any CPU.Build.0 = Debug|Any CPU
		{1D80936B-01C5-45FF-80BE-0C002D74B75B}.Release|Any CPU.ActiveCfg = Release|Any CPU
		{1D80936B-01C5-45FF-80BE-0C002D74B75B}.Release|Any CPU.Build.0 = Release|Any CPU
		{EC4D273D-9F4D-4134-9389-C7CB0D265270}.Debug|Any CPU.ActiveCfg = Debug|Any CPU
		{EC4D273D-9F4D-4134-9389-C7CB0D265270}.Debug|Any CPU.Build.0 = Debug|Any CPU
		{EC4D273D-9F4D-4134-9389-C7CB0D265270}.Release|Any CPU.ActiveCfg = Release|Any CPU
		{EC4D273D-9F4D-4134-9389-C7CB0D265270}.Release|Any CPU.Build.0 = Release|Any CPU
		{A71541B6-959B-4E11-A7E2-D0161E750CF2}.Debug|Any CPU.ActiveCfg = Debug|Any CPU
		{A71541B6-959B-4E11-A7E2-D0161E750CF2}.Debug|Any CPU.Build.0 = Debug|Any CPU
		{A71541B6-959B-4E11-A7E2-D0161E750CF2}.Release|Any CPU.ActiveCfg = Release|Any CPU
		{A71541B6-959B-4E11-A7E2-D0161E750CF2}.Release|Any CPU.Build.0 = Release|Any CPU
		{53947807-AFB7-4A4A-9E80-F09585B5642E}.Debug|Any CPU.ActiveCfg = Debug|Any CPU
		{53947807-AFB7-4A4A-9E80-F09585B5642E}.Debug|Any CPU.Build.0 = Debug|Any CPU
		{53947807-AFB7-4A4A-9E80-F09585B5642E}.Release|Any CPU.ActiveCfg = Release|Any CPU
		{53947807-AFB7-4A4A-9E80-F09585B5642E}.Release|Any CPU.Build.0 = Release|Any CPU
		{C919184B-0A2B-40BC-AB7C-4E8C1FC9C64B}.Debug|Any CPU.ActiveCfg = Debug|Any CPU
		{C919184B-0A2B-40BC-AB7C-4E8C1FC9C64B}.Debug|Any CPU.Build.0 = Debug|Any CPU
		{C919184B-0A2B-40BC-AB7C-4E8C1FC9C64B}.Release|Any CPU.ActiveCfg = Release|Any CPU
		{C919184B-0A2B-40BC-AB7C-4E8C1FC9C64B}.Release|Any CPU.Build.0 = Release|Any CPU
		{6ED6C81C-E43C-4FFF-AB87-BB3EFD02A554}.Debug|Any CPU.ActiveCfg = Debug|Any CPU
		{6ED6C81C-E43C-4FFF-AB87-BB3EFD02A554}.Debug|Any CPU.Build.0 = Debug|Any CPU
		{6ED6C81C-E43C-4FFF-AB87-BB3EFD02A554}.Release|Any CPU.ActiveCfg = Release|Any CPU
		{6ED6C81C-E43C-4FFF-AB87-BB3EFD02A554}.Release|Any CPU.Build.0 = Release|Any CPU
		{BEE24E00-C6DA-40CE-B508-9CA599ABCE6A}.Debug|Any CPU.ActiveCfg = Debug|Any CPU
		{BEE24E00-C6DA-40CE-B508-9CA599ABCE6A}.Debug|Any CPU.Build.0 = Debug|Any CPU
		{BEE24E00-C6DA-40CE-B508-9CA599ABCE6A}.Release|Any CPU.ActiveCfg = Release|Any CPU
		{BEE24E00-C6DA-40CE-B508-9CA599ABCE6A}.Release|Any CPU.Build.0 = Release|Any CPU
		{44A19E58-13F9-4D31-A240-31FBD0EA4068}.Debug|Any CPU.ActiveCfg = Debug|Any CPU
		{44A19E58-13F9-4D31-A240-31FBD0EA4068}.Debug|Any CPU.Build.0 = Debug|Any CPU
		{44A19E58-13F9-4D31-A240-31FBD0EA4068}.Release|Any CPU.ActiveCfg = Release|Any CPU
		{44A19E58-13F9-4D31-A240-31FBD0EA4068}.Release|Any CPU.Build.0 = Release|Any CPU
		{3CD31603-9D48-439C-B578-4849814D8CA7}.Debug|Any CPU.ActiveCfg = Debug|Any CPU
		{3CD31603-9D48-439C-B578-4849814D8CA7}.Debug|Any CPU.Build.0 = Debug|Any CPU
		{3CD31603-9D48-439C-B578-4849814D8CA7}.Release|Any CPU.ActiveCfg = Release|Any CPU
		{3CD31603-9D48-439C-B578-4849814D8CA7}.Release|Any CPU.Build.0 = Release|Any CPU
		{0A8BE584-26AA-413F-BE25-2C29197C695B}.Debug|Any CPU.ActiveCfg = Debug|Any CPU
		{0A8BE584-26AA-413F-BE25-2C29197C695B}.Debug|Any CPU.Build.0 = Debug|Any CPU
		{0A8BE584-26AA-413F-BE25-2C29197C695B}.Release|Any CPU.ActiveCfg = Release|Any CPU
		{0A8BE584-26AA-413F-BE25-2C29197C695B}.Release|Any CPU.Build.0 = Release|Any CPU
		{3EE4906A-4E3D-4DA6-A4D7-C598DBACF34B}.Debug|Any CPU.ActiveCfg = Debug|Any CPU
		{3EE4906A-4E3D-4DA6-A4D7-C598DBACF34B}.Debug|Any CPU.Build.0 = Debug|Any CPU
		{3EE4906A-4E3D-4DA6-A4D7-C598DBACF34B}.Release|Any CPU.ActiveCfg = Release|Any CPU
		{3EE4906A-4E3D-4DA6-A4D7-C598DBACF34B}.Release|Any CPU.Build.0 = Release|Any CPU
		{48A08C5C-F8B8-4420-85D8-B02416337AAF}.Debug|Any CPU.ActiveCfg = Debug|Any CPU
		{48A08C5C-F8B8-4420-85D8-B02416337AAF}.Debug|Any CPU.Build.0 = Debug|Any CPU
		{48A08C5C-F8B8-4420-85D8-B02416337AAF}.Release|Any CPU.ActiveCfg = Release|Any CPU
		{48A08C5C-F8B8-4420-85D8-B02416337AAF}.Release|Any CPU.Build.0 = Release|Any CPU
		{C5979DEB-19AF-4750-95B2-89642E313206}.Debug|Any CPU.ActiveCfg = Debug|Any CPU
		{C5979DEB-19AF-4750-95B2-89642E313206}.Debug|Any CPU.Build.0 = Debug|Any CPU
		{C5979DEB-19AF-4750-95B2-89642E313206}.Release|Any CPU.ActiveCfg = Release|Any CPU
		{C5979DEB-19AF-4750-95B2-89642E313206}.Release|Any CPU.Build.0 = Release|Any CPU
		{8208B0F7-6295-43D1-BC98-2BFEADBCDAD0}.Debug|Any CPU.ActiveCfg = Debug|Any CPU
		{8208B0F7-6295-43D1-BC98-2BFEADBCDAD0}.Debug|Any CPU.Build.0 = Debug|Any CPU
		{8208B0F7-6295-43D1-BC98-2BFEADBCDAD0}.Release|Any CPU.ActiveCfg = Release|Any CPU
		{8208B0F7-6295-43D1-BC98-2BFEADBCDAD0}.Release|Any CPU.Build.0 = Release|Any CPU
	EndGlobalSection
	GlobalSection(SolutionProperties) = preSolution
		HideSolutionNode = FALSE
	EndGlobalSection
	GlobalSection(ExtensibilityGlobals) = postSolution
		SolutionGuid = {68737C96-F626-471E-B3B0-A3FAC30F2C89}
	EndGlobalSection
EndGlobal
